// !$*UTF8*$!
{
	archiveVersion = 1;
	classes = {
	};
	objectVersion = 56;
	objects = {

/* Begin PBXBuildFile section */
		906071662A553C9D00535D57 /* AppDelegate.swift in Sources */ = {isa = PBXBuildFile; fileRef = 906071652A553C9D00535D57 /* AppDelegate.swift */; };
		906071682A553C9D00535D57 /* SceneDelegate.swift in Sources */ = {isa = PBXBuildFile; fileRef = 906071672A553C9D00535D57 /* SceneDelegate.swift */; };
		9060716A2A553C9D00535D57 /* TableViewController.swift in Sources */ = {isa = PBXBuildFile; fileRef = 906071692A553C9D00535D57 /* TableViewController.swift */; };
		906071702A553C9D00535D57 /* testTUTU.xcdatamodeld in Sources */ = {isa = PBXBuildFile; fileRef = 9060716E2A553C9D00535D57 /* testTUTU.xcdatamodeld */; };
		906071722A553C9E00535D57 /* Assets.xcassets in Resources */ = {isa = PBXBuildFile; fileRef = 906071712A553C9E00535D57 /* Assets.xcassets */; };
		906071752A553C9E00535D57 /* LaunchScreen.storyboard in Resources */ = {isa = PBXBuildFile; fileRef = 906071732A553C9E00535D57 /* LaunchScreen.storyboard */; };
		9060717D2A557F5900535D57 /* CustomeTableViewCell.swift in Sources */ = {isa = PBXBuildFile; fileRef = 9060717C2A557F5900535D57 /* CustomeTableViewCell.swift */; };
		9060717F2A5581D400535D57 /* MainViewController.swift in Sources */ = {isa = PBXBuildFile; fileRef = 9060717E2A5581D400535D57 /* MainViewController.swift */; };
		906071812A55855100535D57 /* NewRecipeViewController.swift in Sources */ = {isa = PBXBuildFile; fileRef = 906071802A55855100535D57 /* NewRecipeViewController.swift */; };
/* End PBXBuildFile section */

/* Begin PBXFileReference section */
		906071622A553C9D00535D57 /* testTUTU.app */ = {isa = PBXFileReference; explicitFileType = wrapper.application; includeInIndex = 0; path = testTUTU.app; sourceTree = BUILT_PRODUCTS_DIR; };
		906071652A553C9D00535D57 /* AppDelegate.swift */ = {isa = PBXFileReference; lastKnownFileType = sourcecode.swift; path = AppDelegate.swift; sourceTree = "<group>"; };
		906071672A553C9D00535D57 /* SceneDelegate.swift */ = {isa = PBXFileReference; lastKnownFileType = sourcecode.swift; path = SceneDelegate.swift; sourceTree = "<group>"; };
		906071692A553C9D00535D57 /* TableViewController.swift */ = {isa = PBXFileReference; lastKnownFileType = sourcecode.swift; path = TableViewController.swift; sourceTree = "<group>"; };
		9060716F2A553C9D00535D57 /* testTUTU.xcdatamodel */ = {isa = PBXFileReference; lastKnownFileType = wrapper.xcdatamodel; path = testTUTU.xcdatamodel; sourceTree = "<group>"; };
		906071712A553C9E00535D57 /* Assets.xcassets */ = {isa = PBXFileReference; lastKnownFileType = folder.assetcatalog; path = Assets.xcassets; sourceTree = "<group>"; };
		906071742A553C9E00535D57 /* Base */ = {isa = PBXFileReference; lastKnownFileType = file.storyboard; name = Base; path = Base.lproj/LaunchScreen.storyboard; sourceTree = "<group>"; };
		906071762A553C9E00535D57 /* Info.plist */ = {isa = PBXFileReference; lastKnownFileType = text.plist.xml; path = Info.plist; sourceTree = "<group>"; };
		9060717C2A557F5900535D57 /* CustomeTableViewCell.swift */ = {isa = PBXFileReference; lastKnownFileType = sourcecode.swift; path = CustomeTableViewCell.swift; sourceTree = "<group>"; };
		9060717E2A5581D400535D57 /* MainViewController.swift */ = {isa = PBXFileReference; lastKnownFileType = sourcecode.swift; path = MainViewController.swift; sourceTree = "<group>"; };
		906071802A55855100535D57 /* NewRecipeViewController.swift */ = {isa = PBXFileReference; lastKnownFileType = sourcecode.swift; path = NewRecipeViewController.swift; sourceTree = "<group>"; };
/* End PBXFileReference section */

/* Begin PBXFrameworksBuildPhase section */
		9060715F2A553C9D00535D57 /* Frameworks */ = {
			isa = PBXFrameworksBuildPhase;
			buildActionMask = 2147483647;
			files = (
			);
			runOnlyForDeploymentPostprocessing = 0;
		};
/* End PBXFrameworksBuildPhase section */

/* Begin PBXGroup section */
		906071592A553C9D00535D57 = {
			isa = PBXGroup;
			children = (
				906071642A553C9D00535D57 /* testTUTU */,
				906071632A553C9D00535D57 /* Products */,
			);
			sourceTree = "<group>";
		};
		906071632A553C9D00535D57 /* Products */ = {
			isa = PBXGroup;
			children = (
				906071622A553C9D00535D57 /* testTUTU.app */,
			);
			name = Products;
			sourceTree = "<group>";
		};
		906071642A553C9D00535D57 /* testTUTU */ = {
			isa = PBXGroup;
			children = (
				906071652A553C9D00535D57 /* AppDelegate.swift */,
				906071672A553C9D00535D57 /* SceneDelegate.swift */,
				9060717E2A5581D400535D57 /* MainViewController.swift */,
				906071802A55855100535D57 /* NewRecipeViewController.swift */,
				906071692A553C9D00535D57 /* TableViewController.swift */,
				9060717C2A557F5900535D57 /* CustomeTableViewCell.swift */,
				906071712A553C9E00535D57 /* Assets.xcassets */,
				906071732A553C9E00535D57 /* LaunchScreen.storyboard */,
				906071762A553C9E00535D57 /* Info.plist */,
				9060716E2A553C9D00535D57 /* testTUTU.xcdatamodeld */,
			);
			path = testTUTU;
			sourceTree = "<group>";
		};
/* End PBXGroup section */

/* Begin PBXNativeTarget section */
		906071612A553C9D00535D57 /* testTUTU */ = {
			isa = PBXNativeTarget;
			buildConfigurationList = 906071792A553C9E00535D57 /* Build configuration list for PBXNativeTarget "testTUTU" */;
			buildPhases = (
				9060715E2A553C9D00535D57 /* Sources */,
				9060715F2A553C9D00535D57 /* Frameworks */,
				906071602A553C9D00535D57 /* Resources */,
			);
			buildRules = (
			);
			dependencies = (
			);
			name = testTUTU;
			productName = testTUTU;
			productReference = 906071622A553C9D00535D57 /* testTUTU.app */;
			productType = "com.apple.product-type.application";
		};
/* End PBXNativeTarget section */

/* Begin PBXProject section */
		9060715A2A553C9D00535D57 /* Project object */ = {
			isa = PBXProject;
			attributes = {
				BuildIndependentTargetsInParallel = 1;
				LastSwiftUpdateCheck = 1430;
				LastUpgradeCheck = 1430;
				TargetAttributes = {
					906071612A553C9D00535D57 = {
						CreatedOnToolsVersion = 14.3.1;
					};
				};
			};
			buildConfigurationList = 9060715D2A553C9D00535D57 /* Build configuration list for PBXProject "testTUTU" */;
			compatibilityVersion = "Xcode 14.0";
			developmentRegion = en;
			hasScannedForEncodings = 0;
			knownRegions = (
				en,
				Base,
			);
			mainGroup = 906071592A553C9D00535D57;
			productRefGroup = 906071632A553C9D00535D57 /* Products */;
			projectDirPath = "";
			projectRoot = "";
			targets = (
				906071612A553C9D00535D57 /* testTUTU */,
			);
		};
/* End PBXProject section */

/* Begin PBXResourcesBuildPhase section */
		906071602A553C9D00535D57 /* Resources */ = {
			isa = PBXResourcesBuildPhase;
			buildActionMask = 2147483647;
			files = (
				906071752A553C9E00535D57 /* LaunchScreen.storyboard in Resources */,
				906071722A553C9E00535D57 /* Assets.xcassets in Resources */,
			);
			runOnlyForDeploymentPostprocessing = 0;
		};
/* End PBXResourcesBuildPhase section */

/* Begin PBXSourcesBuildPhase section */
		9060715E2A553C9D00535D57 /* Sources */ = {
			isa = PBXSourcesBuildPhase;
			buildActionMask = 2147483647;
			files = (
				906071812A55855100535D57 /* NewRecipeViewController.swift in Sources */,
				9060716A2A553C9D00535D57 /* TableViewController.swift in Sources */,
				906071662A553C9D00535D57 /* AppDelegate.swift in Sources */,
				906071682A553C9D00535D57 /* SceneDelegate.swift in Sources */,
				9060717F2A5581D400535D57 /* MainViewController.swift in Sources */,
				906071702A553C9D00535D57 /* testTUTU.xcdatamodeld in Sources */,
				9060717D2A557F5900535D57 /* CustomeTableViewCell.swift in Sources */,
			);
			runOnlyForDeploymentPostprocessing = 0;
		};
/* End PBXSourcesBuildPhase section */

/* Begin PBXVariantGroup section */
		906071732A553C9E00535D57 /* LaunchScreen.storyboard */ = {
			isa = PBXVariantGroup;
			children = (
				906071742A553C9E00535D57 /* Base */,
			);
			name = LaunchScreen.storyboard;
			sourceTree = "<group>";
		};
/* End PBXVariantGroup section */

/* Begin XCBuildConfiguration section */
		906071772A553C9E00535D57 /* Debug */ = {
			isa = XCBuildConfiguration;
			buildSettings = {
				ALWAYS_SEARCH_USER_PATHS = NO;
				CLANG_ANALYZER_NONNULL = YES;
				CLANG_ANALYZER_NUMBER_OBJECT_CONVERSION = YES_AGGRESSIVE;
				CLANG_CXX_LANGUAGE_STANDARD = "gnu++20";
				CLANG_ENABLE_MODULES = YES;
				CLANG_ENABLE_OBJC_ARC = YES;
				CLANG_ENABLE_OBJC_WEAK = YES;
				CLANG_WARN_BLOCK_CAPTURE_AUTORELEASING = YES;
				CLANG_WARN_BOOL_CONVERSION = YES;
				CLANG_WARN_COMMA = YES;
				CLANG_WARN_CONSTANT_CONVERSION = YES;
				CLANG_WARN_DEPRECATED_OBJC_IMPLEMENTATIONS = YES;
				CLANG_WARN_DIRECT_OBJC_ISA_USAGE = YES_ERROR;
				CLANG_WARN_DOCUMENTATION_COMMENTS = YES;
				CLANG_WARN_EMPTY_BODY = YES;
				CLANG_WARN_ENUM_CONVERSION = YES;
				CLANG_WARN_INFINITE_RECURSION = YES;
				CLANG_WARN_INT_CONVERSION = YES;
				CLANG_WARN_NON_LITERAL_NULL_CONVERSION = YES;
				CLANG_WARN_OBJC_IMPLICIT_RETAIN_SELF = YES;
				CLANG_WARN_OBJC_LITERAL_CONVERSION = YES;
				CLANG_WARN_OBJC_ROOT_CLASS = YES_ERROR;
				CLANG_WARN_QUOTED_INCLUDE_IN_FRAMEWORK_HEADER = YES;
				CLANG_WARN_RANGE_LOOP_ANALYSIS = YES;
				CLANG_WARN_STRICT_PROTOTYPES = YES;
				CLANG_WARN_SUSPICIOUS_MOVE = YES;
				CLANG_WARN_UNGUARDED_AVAILABILITY = YES_AGGRESSIVE;
				CLANG_WARN_UNREACHABLE_CODE = YES;
				CLANG_WARN__DUPLICATE_METHOD_MATCH = YES;
				COPY_PHASE_STRIP = NO;
				DEBUG_INFORMATION_FORMAT = dwarf;
				ENABLE_STRICT_OBJC_MSGSEND = YES;
				ENABLE_TESTABILITY = YES;
				GCC_C_LANGUAGE_STANDARD = gnu11;
				GCC_DYNAMIC_NO_PIC = NO;
				GCC_NO_COMMON_BLOCKS = YES;
				GCC_OPTIMIZATION_LEVEL = 0;
				GCC_PREPROCESSOR_DEFINITIONS = (
					"DEBUG=1",
					"$(inherited)",
				);
				GCC_WARN_64_TO_32_BIT_CONVERSION = YES;
				GCC_WARN_ABOUT_RETURN_TYPE = YES_ERROR;
				GCC_WARN_UNDECLARED_SELECTOR = YES;
				GCC_WARN_UNINITIALIZED_AUTOS = YES_AGGRESSIVE;
				GCC_WARN_UNUSED_FUNCTION = YES;
				GCC_WARN_UNUSED_VARIABLE = YES;
				IPHONEOS_DEPLOYMENT_TARGET = 16.4;
				MTL_ENABLE_DEBUG_INFO = INCLUDE_SOURCE;
				MTL_FAST_MATH = YES;
				ONLY_ACTIVE_ARCH = YES;
				SDKROOT = iphoneos;
				SWIFT_ACTIVE_COMPILATION_CONDITIONS = DEBUG;
				SWIFT_OPTIMIZATION_LEVEL = "-Onone";
			};
			name = Debug;
		};
		906071782A553C9E00535D57 /* Release */ = {
			isa = XCBuildConfiguration;
			buildSettings = {
				ALWAYS_SEARCH_USER_PATHS = NO;
				CLANG_ANALYZER_NONNULL = YES;
				CLANG_ANALYZER_NUMBER_OBJECT_CONVERSION = YES_AGGRESSIVE;
				CLANG_CXX_LANGUAGE_STANDARD = "gnu++20";
				CLANG_ENABLE_MODULES = YES;
				CLANG_ENABLE_OBJC_ARC = YES;
				CLANG_ENABLE_OBJC_WEAK = YES;
				CLANG_WARN_BLOCK_CAPTURE_AUTORELEASING = YES;
				CLANG_WARN_BOOL_CONVERSION = YES;
				CLANG_WARN_COMMA = YES;
				CLANG_WARN_CONSTANT_CONVERSION = YES;
				CLANG_WARN_DEPRECATED_OBJC_IMPLEMENTATIONS = YES;
				CLANG_WARN_DIRECT_OBJC_ISA_USAGE = YES_ERROR;
				CLANG_WARN_DOCUMENTATION_COMMENTS = YES;
				CLANG_WARN_EMPTY_BODY = YES;
				CLANG_WARN_ENUM_CONVERSION = YES;
				CLANG_WARN_INFINITE_RECURSION = YES;
				CLANG_WARN_INT_CONVERSION = YES;
				CLANG_WARN_NON_LITERAL_NULL_CONVERSION = YES;
				CLANG_WARN_OBJC_IMPLICIT_RETAIN_SELF = YES;
				CLANG_WARN_OBJC_LITERAL_CONVERSION = YES;
				CLANG_WARN_OBJC_ROOT_CLASS = YES_ERROR;
				CLANG_WARN_QUOTED_INCLUDE_IN_FRAMEWORK_HEADER = YES;
				CLANG_WARN_RANGE_LOOP_ANALYSIS = YES;
				CLANG_WARN_STRICT_PROTOTYPES = YES;
				CLANG_WARN_SUSPICIOUS_MOVE = YES;
				CLANG_WARN_UNGUARDED_AVAILABILITY = YES_AGGRESSIVE;
				CLANG_WARN_UNREACHABLE_CODE = YES;
				CLANG_WARN__DUPLICATE_METHOD_MATCH = YES;
				COPY_PHASE_STRIP = NO;
				DEBUG_INFORMATION_FORMAT = "dwarf-with-dsym";
				ENABLE_NS_ASSERTIONS = NO;
				ENABLE_STRICT_OBJC_MSGSEND = YES;
				GCC_C_LANGUAGE_STANDARD = gnu11;
				GCC_NO_COMMON_BLOCKS = YES;
				GCC_WARN_64_TO_32_BIT_CONVERSION = YES;
				GCC_WARN_ABOUT_RETURN_TYPE = YES_ERROR;
				GCC_WARN_UNDECLARED_SELECTOR = YES;
				GCC_WARN_UNINITIALIZED_AUTOS = YES_AGGRESSIVE;
				GCC_WARN_UNUSED_FUNCTION = YES;
				GCC_WARN_UNUSED_VARIABLE = YES;
				IPHONEOS_DEPLOYMENT_TARGET = 16.4;
				MTL_ENABLE_DEBUG_INFO = NO;
				MTL_FAST_MATH = YES;
				SDKROOT = iphoneos;
				SWIFT_COMPILATION_MODE = wholemodule;
				SWIFT_OPTIMIZATION_LEVEL = "-O";
				VALIDATE_PRODUCT = YES;
			};
			name = Release;
		};
		9060717A2A553C9E00535D57 /* Debug */ = {
			isa = XCBuildConfiguration;
			buildSettings = {
				ASSETCATALOG_COMPILER_APPICON_NAME = AppIcon;
				ASSETCATALOG_COMPILER_GLOBAL_ACCENT_COLOR_NAME = AccentColor;
				CODE_SIGN_STYLE = Automatic;
				CURRENT_PROJECT_VERSION = 1;
				DEVELOPMENT_TEAM = 4X682UQSZR;
				GENERATE_INFOPLIST_FILE = YES;
				INFOPLIST_FILE = testTUTU/Info.plist;
				INFOPLIST_KEY_UIApplicationSupportsIndirectInputEvents = YES;
				INFOPLIST_KEY_UILaunchStoryboardName = LaunchScreen;
				INFOPLIST_KEY_UISupportedInterfaceOrientations = UIInterfaceOrientationPortrait;
				INFOPLIST_KEY_UISupportedInterfaceOrientations_iPad = "UIInterfaceOrientationLandscapeLeft UIInterfaceOrientationLandscapeRight UIInterfaceOrientationPortrait UIInterfaceOrientationPortraitUpsideDown";
				IPHONEOS_DEPLOYMENT_TARGET = 14.0;
				LD_RUNPATH_SEARCH_PATHS = (
					"$(inherited)",
					"@executable_path/Frameworks",
				);
				MARKETING_VERSION = 1.0;
				PRODUCT_BUNDLE_IDENTIFIER = alex.testTUTU;
				PRODUCT_NAME = "$(TARGET_NAME)";
				SUPPORTED_PLATFORMS = "iphoneos iphonesimulator";
				SUPPORTS_MACCATALYST = NO;
				SUPPORTS_MAC_DESIGNED_FOR_IPHONE_IPAD = NO;
				SWIFT_EMIT_LOC_STRINGS = YES;
				SWIFT_VERSION = 5.0;
				TARGETED_DEVICE_FAMILY = 1;
			};
			name = Debug;
		};
		9060717B2A553C9E00535D57 /* Release */ = {
			isa = XCBuildConfiguration;
			buildSettings = {
				ASSETCATALOG_COMPILER_APPICON_NAME = AppIcon;
				ASSETCATALOG_COMPILER_GLOBAL_ACCENT_COLOR_NAME = AccentColor;
				CODE_SIGN_STYLE = Automatic;
				CURRENT_PROJECT_VERSION = 1;
				DEVELOPMENT_TEAM = 4X682UQSZR;
				GENERATE_INFOPLIST_FILE = YES;
				INFOPLIST_FILE = testTUTU/Info.plist;
				INFOPLIST_KEY_UIApplicationSupportsIndirectInputEvents = YES;
				INFOPLIST_KEY_UILaunchStoryboardName = LaunchScreen;
				INFOPLIST_KEY_UISupportedInterfaceOrientations = UIInterfaceOrientationPortrait;
				INFOPLIST_KEY_UISupportedInterfaceOrientations_iPad = "UIInterfaceOrientationLandscapeLeft UIInterfaceOrientationLandscapeRight UIInterfaceOrientationPortrait UIInterfaceOrientationPortraitUpsideDown";
				IPHONEOS_DEPLOYMENT_TARGET = 14.0;
				LD_RUNPATH_SEARCH_PATHS = (
					"$(inherited)",
					"@executable_path/Frameworks",
				);
				MARKETING_VERSION = 1.0;
				PRODUCT_BUNDLE_IDENTIFIER = alex.testTUTU;
				PRODUCT_NAME = "$(TARGET_NAME)";
				SUPPORTED_PLATFORMS = "iphoneos iphonesimulator";
				SUPPORTS_MACCATALYST = NO;
				SUPPORTS_MAC_DESIGNED_FOR_IPHONE_IPAD = NO;
				SWIFT_EMIT_LOC_STRINGS = YES;
				SWIFT_VERSION = 5.0;
				TARGETED_DEVICE_FAMILY = 1;
			};
			name = Release;
		};
/* End XCBuildConfiguration section */

/* Begin XCConfigurationList section */
		9060715D2A553C9D00535D57 /* Build configuration list for PBXProject "testTUTU" */ = {
			isa = XCConfigurationList;
			buildConfigurations = (
				906071772A553C9E00535D57 /* Debug */,
				906071782A553C9E00535D57 /* Release */,
			);
			defaultConfigurationIsVisible = 0;
			defaultConfigurationName = Release;
		};
		906071792A553C9E00535D57 /* Build configuration list for PBXNativeTarget "testTUTU" */ = {
			isa = XCConfigurationList;
			buildConfigurations = (
				9060717A2A553C9E00535D57 /* Debug */,
				9060717B2A553C9E00535D57 /* Release */,
			);
			defaultConfigurationIsVisible = 0;
			defaultConfigurationName = Release;
		};
/* End XCConfigurationList section */

/* Begin XCVersionGroup section */
		9060716E2A553C9D00535D57 /* testTUTU.xcdatamodeld */ = {
			isa = XCVersionGroup;
			children = (
				9060716F2A553C9D00535D57 /* testTUTU.xcdatamodel */,
			);
			currentVersion = 9060716F2A553C9D00535D57 /* testTUTU.xcdatamodel */;
			path = testTUTU.xcdatamodeld;
			sourceTree = "<group>";
			versionGroupType = wrapper.xcdatamodel;
		};
/* End XCVersionGroup section */
	};
	rootObject = 9060715A2A553C9D00535D57 /* Project object */;
}
